
Microsoft Visual Studio Solution File, Format Version 12.00
# Visual Studio Version 17
VisualStudioVersion = 17.0.31903.59
MinimumVisualStudioVersion = 10.0.40219.1
Project("{9A19103F-16F7-4668-BE54-9A1E7A4F7556}") = "RateMyAir.API", "RateMyAir.API\RateMyAir.API.csproj", "{D789A99E-3D45-43A9-88BB-CCDC2E20F9C4}"
EndProject
Project("{2150E333-8FDC-42A3-9474-1A3956D46DE8}") = "Docs", "Docs", "{79FCC865-66BC-4F9E-B6E0-57EB78070AE1}"
	ProjectSection(SolutionItems) = preProject
		scaffolding.md = scaffolding.md
	EndProjectSection
EndProject
Project("{9A19103F-16F7-4668-BE54-9A1E7A4F7556}") = "RateMyAir.Common.Entities", "..\..\RateMyAir_Common\RateMyAir.Entities\RateMyAir.Common.Entities.csproj", "{3903F9E0-3D85-41E4-8D8A-036CAD22EB26}"
EndProject
Project("{9A19103F-16F7-4668-BE54-9A1E7A4F7556}") = "RateMyAir.Common.Interfaces", "..\..\RateMyAir_Common\RateMyAir.Interfaces\RateMyAir.Common.Interfaces.csproj", "{DD747ECC-3DF7-4A6C-93D4-54EA0FCC772E}"
EndProject
Project("{9A19103F-16F7-4668-BE54-9A1E7A4F7556}") = "RateMyAir.Common.Repository", "..\..\RateMyAir_Common\RateMyAir.Repository\RateMyAir.Common.Repository.csproj", "{D1292DE3-055F-44E5-A53F-0F24B65C9967}"
EndProject
Project("{9A19103F-16F7-4668-BE54-9A1E7A4F7556}") = "RateMyAir.Common.Services", "..\..\RateMyAir_Common\RateMyAir.Services\RateMyAir.Common.Services.csproj", "{152F7059-242C-4F7F-B84A-9ED1C87427BC}"
EndProject
Project("{9A19103F-16F7-4668-BE54-9A1E7A4F7556}") = "RateMyAir.Tests", "..\..\RateMyAir_Common\RateMyAir.UnitTests\RateMyAir.Tests.csproj", "{67626B54-4F80-4954-BE71-C7C2B9591C76}"
EndProject
Global
	GlobalSection(SolutionConfigurationPlatforms) = preSolution
		Debug|Any CPU = Debug|Any CPU
		Debug|iPhone = Debug|iPhone
		Debug|iPhoneSimulator = Debug|iPhoneSimulator
		Release|Any CPU = Release|Any CPU
		Release|iPhone = Release|iPhone
		Release|iPhoneSimulator = Release|iPhoneSimulator
	EndGlobalSection
	GlobalSection(ProjectConfigurationPlatforms) = postSolution
		{D789A99E-3D45-43A9-88BB-CCDC2E20F9C4}.Debug|Any CPU.ActiveCfg = Debug|Any CPU
		{D789A99E-3D45-43A9-88BB-CCDC2E20F9C4}.Debug|Any CPU.Build.0 = Debug|Any CPU
		{D789A99E-3D45-43A9-88BB-CCDC2E20F9C4}.Debug|iPhone.ActiveCfg = Debug|Any CPU
		{D789A99E-3D45-43A9-88BB-CCDC2E20F9C4}.Debug|iPhone.Build.0 = Debug|Any CPU
		{D789A99E-3D45-43A9-88BB-CCDC2E20F9C4}.Debug|iPhoneSimulator.ActiveCfg = Debug|Any CPU
		{D789A99E-3D45-43A9-88BB-CCDC2E20F9C4}.Debug|iPhoneSimulator.Build.0 = Debug|Any CPU
		{D789A99E-3D45-43A9-88BB-CCDC2E20F9C4}.Release|Any CPU.ActiveCfg = Release|Any CPU
		{D789A99E-3D45-43A9-88BB-CCDC2E20F9C4}.Release|Any CPU.Build.0 = Release|Any CPU
		{D789A99E-3D45-43A9-88BB-CCDC2E20F9C4}.Release|iPhone.ActiveCfg = Release|Any CPU
		{D789A99E-3D45-43A9-88BB-CCDC2E20F9C4}.Release|iPhone.Build.0 = Release|Any CPU
		{D789A99E-3D45-43A9-88BB-CCDC2E20F9C4}.Release|iPhoneSimulator.ActiveCfg = Release|Any CPU
		{D789A99E-3D45-43A9-88BB-CCDC2E20F9C4}.Release|iPhoneSimulator.Build.0 = Release|Any CPU
		{3903F9E0-3D85-41E4-8D8A-036CAD22EB26}.Debug|Any CPU.ActiveCfg = Debug|Any CPU
		{3903F9E0-3D85-41E4-8D8A-036CAD22EB26}.Debug|Any CPU.Build.0 = Debug|Any CPU
		{3903F9E0-3D85-41E4-8D8A-036CAD22EB26}.Debug|iPhone.ActiveCfg = Debug|Any CPU
		{3903F9E0-3D85-41E4-8D8A-036CAD22EB26}.Debug|iPhone.Build.0 = Debug|Any CPU
		{3903F9E0-3D85-41E4-8D8A-036CAD22EB26}.Debug|iPhoneSimulator.ActiveCfg = Debug|Any CPU
		{3903F9E0-3D85-41E4-8D8A-036CAD22EB26}.Debug|iPhoneSimulator.Build.0 = Debug|Any CPU
		{3903F9E0-3D85-41E4-8D8A-036CAD22EB26}.Release|Any CPU.ActiveCfg = Release|Any CPU
		{3903F9E0-3D85-41E4-8D8A-036CAD22EB26}.Release|Any CPU.Build.0 = Release|Any CPU
		{3903F9E0-3D85-41E4-8D8A-036CAD22EB26}.Release|iPhone.ActiveCfg = Release|Any CPU
		{3903F9E0-3D85-41E4-8D8A-036CAD22EB26}.Release|iPhone.Build.0 = Release|Any CPU
		{3903F9E0-3D85-41E4-8D8A-036CAD22EB26}.Release|iPhoneSimulator.ActiveCfg = Release|Any CPU
		{3903F9E0-3D85-41E4-8D8A-036CAD22EB26}.Release|iPhoneSimulator.Build.0 = Release|Any CPU
		{DD747ECC-3DF7-4A6C-93D4-54EA0FCC772E}.Debug|Any CPU.ActiveCfg = Debug|Any CPU
		{DD747ECC-3DF7-4A6C-93D4-54EA0FCC772E}.Debug|Any CPU.Build.0 = Debug|Any CPU
		{DD747ECC-3DF7-4A6C-93D4-54EA0FCC772E}.Debug|iPhone.ActiveCfg = Debug|Any CPU
		{DD747ECC-3DF7-4A6C-93D4-54EA0FCC772E}.Debug|iPhone.Build.0 = Debug|Any CPU
		{DD747ECC-3DF7-4A6C-93D4-54EA0FCC772E}.Debug|iPhoneSimulator.ActiveCfg = Debug|Any CPU
		{DD747ECC-3DF7-4A6C-93D4-54EA0FCC772E}.Debug|iPhoneSimulator.Build.0 = Debug|Any CPU
		{DD747ECC-3DF7-4A6C-93D4-54EA0FCC772E}.Release|Any CPU.ActiveCfg = Release|Any CPU
		{DD747ECC-3DF7-4A6C-93D4-54EA0FCC772E}.Release|Any CPU.Build.0 = Release|Any CPU
		{DD747ECC-3DF7-4A6C-93D4-54EA0FCC772E}.Release|iPhone.ActiveCfg = Release|Any CPU
		{DD747ECC-3DF7-4A6C-93D4-54EA0FCC772E}.Release|iPhone.Build.0 = Release|Any CPU
		{DD747ECC-3DF7-4A6C-93D4-54EA0FCC772E}.Release|iPhoneSimulator.ActiveCfg = Release|Any CPU
		{DD747ECC-3DF7-4A6C-93D4-54EA0FCC772E}.Release|iPhoneSimulator.Build.0 = Release|Any CPU
		{D1292DE3-055F-44E5-A53F-0F24B65C9967}.Debug|Any CPU.ActiveCfg = Debug|Any CPU
		{D1292DE3-055F-44E5-A53F-0F24B65C9967}.Debug|Any CPU.Build.0 = Debug|Any CPU
		{D1292DE3-055F-44E5-A53F-0F24B65C9967}.Debug|iPhone.ActiveCfg = Debug|Any CPU
		{D1292DE3-055F-44E5-A53F-0F24B65C9967}.Debug|iPhone.Build.0 = Debug|Any CPU
		{D1292DE3-055F-44E5-A53F-0F24B65C9967}.Debug|iPhoneSimulator.ActiveCfg = Debug|Any CPU
		{D1292DE3-055F-44E5-A53F-0F24B65C9967}.Debug|iPhoneSimulator.Build.0 = Debug|Any CPU
		{D1292DE3-055F-44E5-A53F-0F24B65C9967}.Release|Any CPU.ActiveCfg = Release|Any CPU
		{D1292DE3-055F-44E5-A53F-0F24B65C9967}.Release|Any CPU.Build.0 = Release|Any CPU
		{D1292DE3-055F-44E5-A53F-0F24B65C9967}.Release|iPhone.ActiveCfg = Release|Any CPU
		{D1292DE3-055F-44E5-A53F-0F24B65C9967}.Release|iPhone.Build.0 = Release|Any CPU
		{D1292DE3-055F-44E5-A53F-0F24B65C9967}.Release|iPhoneSimulator.ActiveCfg = Release|Any CPU
		{D1292DE3-055F-44E5-A53F-0F24B65C9967}.Release|iPhoneSimulator.Build.0 = Release|Any CPU
		{152F7059-242C-4F7F-B84A-9ED1C87427BC}.Debug|Any CPU.ActiveCfg = Debug|Any CPU
		{152F7059-242C-4F7F-B84A-9ED1C87427BC}.Debug|Any CPU.Build.0 = Debug|Any CPU
		{152F7059-242C-4F7F-B84A-9ED1C87427BC}.Debug|iPhone.ActiveCfg = Debug|Any CPU
		{152F7059-242C-4F7F-B84A-9ED1C87427BC}.Debug|iPhone.Build.0 = Debug|Any CPU
		{152F7059-242C-4F7F-B84A-9ED1C87427BC}.Debug|iPhoneSimulator.ActiveCfg = Debug|Any CPU
		{152F7059-242C-4F7F-B84A-9ED1C87427BC}.Debug|iPhoneSimulator.Build.0 = Debug|Any CPU
		{152F7059-242C-4F7F-B84A-9ED1C87427BC}.Release|Any CPU.ActiveCfg = Release|Any CPU
		{152F7059-242C-4F7F-B84A-9ED1C87427BC}.Release|Any CPU.Build.0 = Release|Any CPU
		{152F7059-242C-4F7F-B84A-9ED1C87427BC}.Release|iPhone.ActiveCfg = Release|Any CPU
		{152F7059-242C-4F7F-B84A-9ED1C87427BC}.Release|iPhone.Build.0 = Release|Any CPU
		{152F7059-242C-4F7F-B84A-9ED1C87427BC}.Release|iPhoneSimulator.ActiveCfg = Release|Any CPU
		{152F7059-242C-4F7F-B84A-9ED1C87427BC}.Release|iPhoneSimulator.Build.0 = Release|Any CPU
		{67626B54-4F80-4954-BE71-C7C2B9591C76}.Debug|Any CPU.ActiveCfg = Debug|Any CPU
		{67626B54-4F80-4954-BE71-C7C2B9591C76}.Debug|Any CPU.Build.0 = Debug|Any CPU
		{67626B54-4F80-4954-BE71-C7C2B9591C76}.Debug|iPhone.ActiveCfg = Debug|Any CPU
		{67626B54-4F80-4954-BE71-C7C2B9591C76}.Debug|iPhone.Build.0 = Debug|Any CPU
		{67626B54-4F80-4954-BE71-C7C2B9591C76}.Debug|iPhoneSimulator.ActiveCfg = Debug|Any CPU
		{67626B54-4F80-4954-BE71-C7C2B9591C76}.Debug|iPhoneSimulator.Build.0 = Debug|Any CPU
		{67626B54-4F80-4954-BE71-C7C2B9591C76}.Release|Any CPU.ActiveCfg = Release|Any CPU
		{67626B54-4F80-4954-BE71-C7C2B9591C76}.Release|Any CPU.Build.0 = Release|Any CPU
		{67626B54-4F80-4954-BE71-C7C2B9591C76}.Release|iPhone.ActiveCfg = Release|Any CPU
		{67626B54-4F80-4954-BE71-C7C2B9591C76}.Release|iPhone.Build.0 = Release|Any CPU
		{67626B54-4F80-4954-BE71-C7C2B9591C76}.Release|iPhoneSimulator.ActiveCfg = Release|Any CPU
		{67626B54-4F80-4954-BE71-C7C2B9591C76}.Release|iPhoneSimulator.Build.0 = Release|Any CPU
	EndGlobalSection
	GlobalSection(SolutionProperties) = preSolution
		HideSolutionNode = FALSE
	EndGlobalSection
	GlobalSection(ExtensibilityGlobals) = postSolution
		SolutionGuid = {C5540E06-71BB-4C0B-8FC5-375975D9EE87}
	EndGlobalSection
EndGlobal
