
Microsoft Visual Studio Solution File, Format Version 12.00
# Visual Studio Version 17
VisualStudioVersion = 17.0.31903.59
MinimumVisualStudioVersion = 10.0.40219.1
Project("{9A19103F-16F7-4668-BE54-9A1E7A4F7556}") = "RateMyAir.API", "RateMyAir.API\RateMyAir.API.csproj", "{D789A99E-3D45-43A9-88BB-CCDC2E20F9C4}"
EndProject
Project("{2150E333-8FDC-42A3-9474-1A3956D46DE8}") = "Docs", "Docs", "{79FCC865-66BC-4F9E-B6E0-57EB78070AE1}"
	ProjectSection(SolutionItems) = preProject
		scaffolding.md = scaffolding.md
	EndProjectSection
EndProject
Project("{9A19103F-16F7-4668-BE54-9A1E7A4F7556}") = "RateMyAir.Common.Entities", "..\..\RateMyAir_Common\RateMyAir.Common.Entities\RateMyAir.Common.Entities.csproj", "{9BC8E39C-580F-4EC1-AFC2-C531ABE8202B}"
EndProject
Project("{9A19103F-16F7-4668-BE54-9A1E7A4F7556}") = "RateMyAir.Common.Interfaces", "..\..\RateMyAir_Common\RateMyAir.Common.Interfaces\RateMyAir.Common.Interfaces.csproj", "{77E929F6-B22A-4CDB-A2F0-9D6DB84C7875}"
EndProject
Project("{9A19103F-16F7-4668-BE54-9A1E7A4F7556}") = "RateMyAir.Common.Services", "..\..\RateMyAir_Common\RateMyAir.Common.Services\RateMyAir.Common.Services.csproj", "{FA817F83-1D16-425F-A7B6-FC30844C255D}"
EndProject
Project("{9A19103F-16F7-4668-BE54-9A1E7A4F7556}") = "RateMyAir.Common.Repositories", "..\..\RateMyAir_Common\RateMyAir.Common.Repositories\RateMyAir.Common.Repositories.csproj", "{A0F1CA3B-E368-4E47-87BB-7920926C5AA2}"
EndProject
Project("{9A19103F-16F7-4668-BE54-9A1E7A4F7556}") = "RateMyAir.Common.Tests", "..\..\RateMyAir_Common\RateMyAir.Common.Tests\RateMyAir.Common.Tests.csproj", "{923B8417-8309-47BD-BC9A-3C7E97F84FC4}"
EndProject
Global
	GlobalSection(SolutionConfigurationPlatforms) = preSolution
		Debug|Any CPU = Debug|Any CPU
		Debug|iPhone = Debug|iPhone
		Debug|iPhoneSimulator = Debug|iPhoneSimulator
		Release|Any CPU = Release|Any CPU
		Release|iPhone = Release|iPhone
		Release|iPhoneSimulator = Release|iPhoneSimulator
	EndGlobalSection
	GlobalSection(ProjectConfigurationPlatforms) = postSolution
		{D789A99E-3D45-43A9-88BB-CCDC2E20F9C4}.Debug|Any CPU.ActiveCfg = Debug|Any CPU
		{D789A99E-3D45-43A9-88BB-CCDC2E20F9C4}.Debug|Any CPU.Build.0 = Debug|Any CPU
		{D789A99E-3D45-43A9-88BB-CCDC2E20F9C4}.Debug|iPhone.ActiveCfg = Debug|Any CPU
		{D789A99E-3D45-43A9-88BB-CCDC2E20F9C4}.Debug|iPhone.Build.0 = Debug|Any CPU
		{D789A99E-3D45-43A9-88BB-CCDC2E20F9C4}.Debug|iPhoneSimulator.ActiveCfg = Debug|Any CPU
		{D789A99E-3D45-43A9-88BB-CCDC2E20F9C4}.Debug|iPhoneSimulator.Build.0 = Debug|Any CPU
		{D789A99E-3D45-43A9-88BB-CCDC2E20F9C4}.Release|Any CPU.ActiveCfg = Release|Any CPU
		{D789A99E-3D45-43A9-88BB-CCDC2E20F9C4}.Release|Any CPU.Build.0 = Release|Any CPU
		{D789A99E-3D45-43A9-88BB-CCDC2E20F9C4}.Release|iPhone.ActiveCfg = Release|Any CPU
		{D789A99E-3D45-43A9-88BB-CCDC2E20F9C4}.Release|iPhone.Build.0 = Release|Any CPU
		{D789A99E-3D45-43A9-88BB-CCDC2E20F9C4}.Release|iPhoneSimulator.ActiveCfg = Release|Any CPU
		{D789A99E-3D45-43A9-88BB-CCDC2E20F9C4}.Release|iPhoneSimulator.Build.0 = Release|Any CPU
		{9BC8E39C-580F-4EC1-AFC2-C531ABE8202B}.Debug|Any CPU.ActiveCfg = Debug|Any CPU
		{9BC8E39C-580F-4EC1-AFC2-C531ABE8202B}.Debug|Any CPU.Build.0 = Debug|Any CPU
		{9BC8E39C-580F-4EC1-AFC2-C531ABE8202B}.Debug|iPhone.ActiveCfg = Debug|Any CPU
		{9BC8E39C-580F-4EC1-AFC2-C531ABE8202B}.Debug|iPhone.Build.0 = Debug|Any CPU
		{9BC8E39C-580F-4EC1-AFC2-C531ABE8202B}.Debug|iPhoneSimulator.ActiveCfg = Debug|Any CPU
		{9BC8E39C-580F-4EC1-AFC2-C531ABE8202B}.Debug|iPhoneSimulator.Build.0 = Debug|Any CPU
		{9BC8E39C-580F-4EC1-AFC2-C531ABE8202B}.Release|Any CPU.ActiveCfg = Release|Any CPU
		{9BC8E39C-580F-4EC1-AFC2-C531ABE8202B}.Release|Any CPU.Build.0 = Release|Any CPU
		{9BC8E39C-580F-4EC1-AFC2-C531ABE8202B}.Release|iPhone.ActiveCfg = Release|Any CPU
		{9BC8E39C-580F-4EC1-AFC2-C531ABE8202B}.Release|iPhone.Build.0 = Release|Any CPU
		{9BC8E39C-580F-4EC1-AFC2-C531ABE8202B}.Release|iPhoneSimulator.ActiveCfg = Release|Any CPU
		{9BC8E39C-580F-4EC1-AFC2-C531ABE8202B}.Release|iPhoneSimulator.Build.0 = Release|Any CPU
		{77E929F6-B22A-4CDB-A2F0-9D6DB84C7875}.Debug|Any CPU.ActiveCfg = Debug|Any CPU
		{77E929F6-B22A-4CDB-A2F0-9D6DB84C7875}.Debug|Any CPU.Build.0 = Debug|Any CPU
		{77E929F6-B22A-4CDB-A2F0-9D6DB84C7875}.Debug|iPhone.ActiveCfg = Debug|Any CPU
		{77E929F6-B22A-4CDB-A2F0-9D6DB84C7875}.Debug|iPhone.Build.0 = Debug|Any CPU
		{77E929F6-B22A-4CDB-A2F0-9D6DB84C7875}.Debug|iPhoneSimulator.ActiveCfg = Debug|Any CPU
		{77E929F6-B22A-4CDB-A2F0-9D6DB84C7875}.Debug|iPhoneSimulator.Build.0 = Debug|Any CPU
		{77E929F6-B22A-4CDB-A2F0-9D6DB84C7875}.Release|Any CPU.ActiveCfg = Release|Any CPU
		{77E929F6-B22A-4CDB-A2F0-9D6DB84C7875}.Release|Any CPU.Build.0 = Release|Any CPU
		{77E929F6-B22A-4CDB-A2F0-9D6DB84C7875}.Release|iPhone.ActiveCfg = Release|Any CPU
		{77E929F6-B22A-4CDB-A2F0-9D6DB84C7875}.Release|iPhone.Build.0 = Release|Any CPU
		{77E929F6-B22A-4CDB-A2F0-9D6DB84C7875}.Release|iPhoneSimulator.ActiveCfg = Release|Any CPU
		{77E929F6-B22A-4CDB-A2F0-9D6DB84C7875}.Release|iPhoneSimulator.Build.0 = Release|Any CPU
		{FA817F83-1D16-425F-A7B6-FC30844C255D}.Debug|Any CPU.ActiveCfg = Debug|Any CPU
		{FA817F83-1D16-425F-A7B6-FC30844C255D}.Debug|Any CPU.Build.0 = Debug|Any CPU
		{FA817F83-1D16-425F-A7B6-FC30844C255D}.Debug|iPhone.ActiveCfg = Debug|Any CPU
		{FA817F83-1D16-425F-A7B6-FC30844C255D}.Debug|iPhone.Build.0 = Debug|Any CPU
		{FA817F83-1D16-425F-A7B6-FC30844C255D}.Debug|iPhoneSimulator.ActiveCfg = Debug|Any CPU
		{FA817F83-1D16-425F-A7B6-FC30844C255D}.Debug|iPhoneSimulator.Build.0 = Debug|Any CPU
		{FA817F83-1D16-425F-A7B6-FC30844C255D}.Release|Any CPU.ActiveCfg = Release|Any CPU
		{FA817F83-1D16-425F-A7B6-FC30844C255D}.Release|Any CPU.Build.0 = Release|Any CPU
		{FA817F83-1D16-425F-A7B6-FC30844C255D}.Release|iPhone.ActiveCfg = Release|Any CPU
		{FA817F83-1D16-425F-A7B6-FC30844C255D}.Release|iPhone.Build.0 = Release|Any CPU
		{FA817F83-1D16-425F-A7B6-FC30844C255D}.Release|iPhoneSimulator.ActiveCfg = Release|Any CPU
		{FA817F83-1D16-425F-A7B6-FC30844C255D}.Release|iPhoneSimulator.Build.0 = Release|Any CPU
		{A0F1CA3B-E368-4E47-87BB-7920926C5AA2}.Debug|Any CPU.ActiveCfg = Debug|Any CPU
		{A0F1CA3B-E368-4E47-87BB-7920926C5AA2}.Debug|Any CPU.Build.0 = Debug|Any CPU
		{A0F1CA3B-E368-4E47-87BB-7920926C5AA2}.Debug|iPhone.ActiveCfg = Debug|Any CPU
		{A0F1CA3B-E368-4E47-87BB-7920926C5AA2}.Debug|iPhone.Build.0 = Debug|Any CPU
		{A0F1CA3B-E368-4E47-87BB-7920926C5AA2}.Debug|iPhoneSimulator.ActiveCfg = Debug|Any CPU
		{A0F1CA3B-E368-4E47-87BB-7920926C5AA2}.Debug|iPhoneSimulator.Build.0 = Debug|Any CPU
		{A0F1CA3B-E368-4E47-87BB-7920926C5AA2}.Release|Any CPU.ActiveCfg = Release|Any CPU
		{A0F1CA3B-E368-4E47-87BB-7920926C5AA2}.Release|Any CPU.Build.0 = Release|Any CPU
		{A0F1CA3B-E368-4E47-87BB-7920926C5AA2}.Release|iPhone.ActiveCfg = Release|Any CPU
		{A0F1CA3B-E368-4E47-87BB-7920926C5AA2}.Release|iPhone.Build.0 = Release|Any CPU
		{A0F1CA3B-E368-4E47-87BB-7920926C5AA2}.Release|iPhoneSimulator.ActiveCfg = Release|Any CPU
		{A0F1CA3B-E368-4E47-87BB-7920926C5AA2}.Release|iPhoneSimulator.Build.0 = Release|Any CPU
		{923B8417-8309-47BD-BC9A-3C7E97F84FC4}.Debug|Any CPU.ActiveCfg = Debug|Any CPU
		{923B8417-8309-47BD-BC9A-3C7E97F84FC4}.Debug|Any CPU.Build.0 = Debug|Any CPU
		{923B8417-8309-47BD-BC9A-3C7E97F84FC4}.Debug|iPhone.ActiveCfg = Debug|Any CPU
		{923B8417-8309-47BD-BC9A-3C7E97F84FC4}.Debug|iPhone.Build.0 = Debug|Any CPU
		{923B8417-8309-47BD-BC9A-3C7E97F84FC4}.Debug|iPhoneSimulator.ActiveCfg = Debug|Any CPU
		{923B8417-8309-47BD-BC9A-3C7E97F84FC4}.Debug|iPhoneSimulator.Build.0 = Debug|Any CPU
		{923B8417-8309-47BD-BC9A-3C7E97F84FC4}.Release|Any CPU.ActiveCfg = Release|Any CPU
		{923B8417-8309-47BD-BC9A-3C7E97F84FC4}.Release|Any CPU.Build.0 = Release|Any CPU
		{923B8417-8309-47BD-BC9A-3C7E97F84FC4}.Release|iPhone.ActiveCfg = Release|Any CPU
		{923B8417-8309-47BD-BC9A-3C7E97F84FC4}.Release|iPhone.Build.0 = Release|Any CPU
		{923B8417-8309-47BD-BC9A-3C7E97F84FC4}.Release|iPhoneSimulator.ActiveCfg = Release|Any CPU
		{923B8417-8309-47BD-BC9A-3C7E97F84FC4}.Release|iPhoneSimulator.Build.0 = Release|Any CPU
	EndGlobalSection
	GlobalSection(SolutionProperties) = preSolution
		HideSolutionNode = FALSE
	EndGlobalSection
	GlobalSection(ExtensibilityGlobals) = postSolution
		SolutionGuid = {C5540E06-71BB-4C0B-8FC5-375975D9EE87}
	EndGlobalSection
EndGlobal
